
Microsoft Visual Studio Solution File, Format Version 12.00
# Visual Studio Version 17
VisualStudioVersion = 17.10.35122.118
MinimumVisualStudioVersion = 10.0.40219.1
Project("{FAE04EC0-301F-11D3-BF4B-00C04F79EFBC}") = "GenericInterface", "GenericInterface\GenericInterface.csproj", "{60662A29-8A5A-417A-8E7E-628BAFA7363F}"
EndProject
Global
	GlobalSection(SolutionConfigurationPlatforms) = preSolution
		Debug|Any CPU = Debug|Any CPU
		Release|Any CPU = Release|Any CPU
	EndGlobalSection
	GlobalSection(ProjectConfigurationPlatforms) = postSolution
		{60662A29-8A5A-417A-8E7E-628BAFA7363F}.Debug|Any CPU.ActiveCfg = Debug|Any CPU
		{60662A29-8A5A-417A-8E7E-628BAFA7363F}.Debug|Any CPU.Build.0 = Debug|Any CPU
		{60662A29-8A5A-417A-8E7E-628BAFA7363F}.Release|Any CPU.ActiveCfg = Release|Any CPU
		{60662A29-8A5A-417A-8E7E-628BAFA7363F}.Release|Any CPU.Build.0 = Release|Any CPU
	EndGlobalSection
	GlobalSection(SolutionProperties) = preSolution
		HideSolutionNode = FALSE
	EndGlobalSection
	GlobalSection(ExtensibilityGlobals) = postSolution
		SolutionGuid = {ACA331BD-59E8-4B0B-A245-5F5F0D44F506}
	EndGlobalSection
EndGlobal
