
Microsoft Visual Studio Solution File, Format Version 12.00
# Visual Studio Version 17
VisualStudioVersion = 17.10.35122.118
MinimumVisualStudioVersion = 10.0.40219.1
Project("{FAE04EC0-301F-11D3-BF4B-00C04F79EFBC}") = "MethodOverloadingOverriding", "MethodOverloadingOverriding\MethodOverloadingOverriding.csproj", "{722F01F3-9157-4CCF-9B3A-850D40ED6B9A}"
EndProject
Global
	GlobalSection(SolutionConfigurationPlatforms) = preSolution
		Debug|Any CPU = Debug|Any CPU
		Release|Any CPU = Release|Any CPU
	EndGlobalSection
	GlobalSection(ProjectConfigurationPlatforms) = postSolution
		{722F01F3-9157-4CCF-9B3A-850D40ED6B9A}.Debug|Any CPU.ActiveCfg = Debug|Any CPU
		{722F01F3-9157-4CCF-9B3A-850D40ED6B9A}.Debug|Any CPU.Build.0 = Debug|Any CPU
		{722F01F3-9157-4CCF-9B3A-850D40ED6B9A}.Release|Any CPU.ActiveCfg = Release|Any CPU
		{722F01F3-9157-4CCF-9B3A-850D40ED6B9A}.Release|Any CPU.Build.0 = Release|Any CPU
	EndGlobalSection
	GlobalSection(SolutionProperties) = preSolution
		HideSolutionNode = FALSE
	EndGlobalSection
	GlobalSection(ExtensibilityGlobals) = postSolution
		SolutionGuid = {D581203F-F91A-45A8-991B-0DE6C1817B31}
	EndGlobalSection
EndGlobal
